
Microsoft Visual Studio Solution File, Format Version 12.00
# Visual Studio Version 17
VisualStudioVersion = 17.5.002.0
MinimumVisualStudioVersion = 10.0.40219.1
Project("{9A19103F-16F7-4668-BE54-9A1E7A4F7556}") = "TP06_BenDov_Eulmesekian_Kalik", "TP06_BenDov_Eulmesekian_Kalik.csproj", "{6C63AD1E-B3F5-4F82-8929-2F9ABF1CBF1C}"
EndProject
Global
	GlobalSection(SolutionConfigurationPlatforms) = preSolution
		Debug|Any CPU = Debug|Any CPU
		Release|Any CPU = Release|Any CPU
	EndGlobalSection
	GlobalSection(ProjectConfigurationPlatforms) = postSolution
		{6C63AD1E-B3F5-4F82-8929-2F9ABF1CBF1C}.Debug|Any CPU.ActiveCfg = Debug|Any CPU
		{6C63AD1E-B3F5-4F82-8929-2F9ABF1CBF1C}.Debug|Any CPU.Build.0 = Debug|Any CPU
		{6C63AD1E-B3F5-4F82-8929-2F9ABF1CBF1C}.Release|Any CPU.ActiveCfg = Release|Any CPU
		{6C63AD1E-B3F5-4F82-8929-2F9ABF1CBF1C}.Release|Any CPU.Build.0 = Release|Any CPU
	EndGlobalSection
	GlobalSection(SolutionProperties) = preSolution
		HideSolutionNode = FALSE
	EndGlobalSection
	GlobalSection(ExtensibilityGlobals) = postSolution
		SolutionGuid = {5A454216-996B-48E7-8A78-4E626C7B06F6}
	EndGlobalSection
EndGlobal
